
Microsoft Visual Studio Solution File, Format Version 12.00
# Visual Studio 15
VisualStudioVersion = 15.0.28307.102
MinimumVisualStudioVersion = 10.0.40219.1
Project("{FAE04EC0-301F-11D3-BF4B-00C04F79EFBC}") = "Qmate.Preliminary.Registration.General", "Qmate.Preliminary.Registration.General\Qmate.Preliminary.Registration.General.csproj", "{AE899826-79A3-48BB-89F0-2D177A7B0A8E}"
EndProject
Global
	GlobalSection(SolutionConfigurationPlatforms) = preSolution
		Debug|Any CPU = Debug|Any CPU
		Release|Any CPU = Release|Any CPU
	EndGlobalSection
	GlobalSection(ProjectConfigurationPlatforms) = postSolution
		{AE899826-79A3-48BB-89F0-2D177A7B0A8E}.Debug|Any CPU.ActiveCfg = Debug|Any CPU
		{AE899826-79A3-48BB-89F0-2D177A7B0A8E}.Debug|Any CPU.Build.0 = Debug|Any CPU
		{AE899826-79A3-48BB-89F0-2D177A7B0A8E}.Release|Any CPU.ActiveCfg = Release|Any CPU
		{AE899826-79A3-48BB-89F0-2D177A7B0A8E}.Release|Any CPU.Build.0 = Release|Any CPU
	EndGlobalSection
	GlobalSection(SolutionProperties) = preSolution
		HideSolutionNode = FALSE
	EndGlobalSection
	GlobalSection(ExtensibilityGlobals) = postSolution
		SolutionGuid = {B15A1935-6FCA-4B3B-AC88-F7B11B354DC8}
	EndGlobalSection
EndGlobal
